// !$*UTF8*$!
{
	archiveVersion = 1;
	classes = {
	};
	objectVersion = 55;
	objects = {

/* Begin PBXBuildFile section */
		1504F70627C6095000A5EC6C /* AppDelegate.swift in Sources */ = {isa = PBXBuildFile; fileRef = 1504F70527C6095000A5EC6C /* AppDelegate.swift */; };
		1504F70827C6095000A5EC6C /* SceneDelegate.swift in Sources */ = {isa = PBXBuildFile; fileRef = 1504F70727C6095000A5EC6C /* SceneDelegate.swift */; };
		1504F70A27C6095000A5EC6C /* ViewController.swift in Sources */ = {isa = PBXBuildFile; fileRef = 1504F70927C6095000A5EC6C /* ViewController.swift */; };
		1504F70D27C6095000A5EC6C /* Main.storyboard in Resources */ = {isa = PBXBuildFile; fileRef = 1504F70B27C6095000A5EC6C /* Main.storyboard */; };
		1504F70F27C6095200A5EC6C /* Assets.xcassets in Resources */ = {isa = PBXBuildFile; fileRef = 1504F70E27C6095200A5EC6C /* Assets.xcassets */; };
		1504F71227C6095200A5EC6C /* LaunchScreen.storyboard in Resources */ = {isa = PBXBuildFile; fileRef = 1504F71027C6095200A5EC6C /* LaunchScreen.storyboard */; };
		C872DBEC924BC09C45B75215 /* Pods_PageMenuPractice.framework in Frameworks */ = {isa = PBXBuildFile; fileRef = B7F6981F73452ED46AAE2662 /* Pods_PageMenuPractice.framework */; };
/* End PBXBuildFile section */

/* Begin PBXFileReference section */
		1504F70227C6095000A5EC6C /* PageMenuPractice.app */ = {isa = PBXFileReference; explicitFileType = wrapper.application; includeInIndex = 0; path = PageMenuPractice.app; sourceTree = BUILT_PRODUCTS_DIR; };
		1504F70527C6095000A5EC6C /* AppDelegate.swift */ = {isa = PBXFileReference; lastKnownFileType = sourcecode.swift; path = AppDelegate.swift; sourceTree = "<group>"; };
		1504F70727C6095000A5EC6C /* SceneDelegate.swift */ = {isa = PBXFileReference; lastKnownFileType = sourcecode.swift; path = SceneDelegate.swift; sourceTree = "<group>"; };
		1504F70927C6095000A5EC6C /* ViewController.swift */ = {isa = PBXFileReference; lastKnownFileType = sourcecode.swift; path = ViewController.swift; sourceTree = "<group>"; };
		1504F70C27C6095000A5EC6C /* Base */ = {isa = PBXFileReference; lastKnownFileType = file.storyboard; name = Base; path = Base.lproj/Main.storyboard; sourceTree = "<group>"; };
		1504F70E27C6095200A5EC6C /* Assets.xcassets */ = {isa = PBXFileReference; lastKnownFileType = folder.assetcatalog; path = Assets.xcassets; sourceTree = "<group>"; };
		1504F71127C6095200A5EC6C /* Base */ = {isa = PBXFileReference; lastKnownFileType = file.storyboard; name = Base; path = Base.lproj/LaunchScreen.storyboard; sourceTree = "<group>"; };
		1504F71327C6095200A5EC6C /* Info.plist */ = {isa = PBXFileReference; lastKnownFileType = text.plist.xml; path = Info.plist; sourceTree = "<group>"; };
		1B23CD6BA1C01E27238DA113 /* Pods-PageMenuPractice.debug.xcconfig */ = {isa = PBXFileReference; includeInIndex = 1; lastKnownFileType = text.xcconfig; name = "Pods-PageMenuPractice.debug.xcconfig"; path = "Target Support Files/Pods-PageMenuPractice/Pods-PageMenuPractice.debug.xcconfig"; sourceTree = "<group>"; };
		62CEB067C2AB5E93DD367A4B /* Pods-PageMenuPractice.release.xcconfig */ = {isa = PBXFileReference; includeInIndex = 1; lastKnownFileType = text.xcconfig; name = "Pods-PageMenuPractice.release.xcconfig"; path = "Target Support Files/Pods-PageMenuPractice/Pods-PageMenuPractice.release.xcconfig"; sourceTree = "<group>"; };
		B7F6981F73452ED46AAE2662 /* Pods_PageMenuPractice.framework */ = {isa = PBXFileReference; explicitFileType = wrapper.framework; includeInIndex = 0; path = Pods_PageMenuPractice.framework; sourceTree = BUILT_PRODUCTS_DIR; };
/* End PBXFileReference section */

/* Begin PBXFrameworksBuildPhase section */
		1504F6FF27C6095000A5EC6C /* Frameworks */ = {
			isa = PBXFrameworksBuildPhase;
			buildActionMask = 2147483647;
			files = (
				C872DBEC924BC09C45B75215 /* Pods_PageMenuPractice.framework in Frameworks */,
			);
			runOnlyForDeploymentPostprocessing = 0;
		};
/* End PBXFrameworksBuildPhase section */

/* Begin PBXGroup section */
		1504F6F927C6095000A5EC6C = {
			isa = PBXGroup;
			children = (
				1504F70427C6095000A5EC6C /* PageMenuPractice */,
				1504F70327C6095000A5EC6C /* Products */,
				C5DB85EFE1B3C2A24041A442 /* Pods */,
				B6A80FECE8F85749EC40D90B /* Frameworks */,
			);
			sourceTree = "<group>";
		};
		1504F70327C6095000A5EC6C /* Products */ = {
			isa = PBXGroup;
			children = (
				1504F70227C6095000A5EC6C /* PageMenuPractice.app */,
			);
			name = Products;
			sourceTree = "<group>";
		};
		1504F70427C6095000A5EC6C /* PageMenuPractice */ = {
			isa = PBXGroup;
			children = (
				1504F70527C6095000A5EC6C /* AppDelegate.swift */,
				1504F70727C6095000A5EC6C /* SceneDelegate.swift */,
				1504F70927C6095000A5EC6C /* ViewController.swift */,
				1504F70B27C6095000A5EC6C /* Main.storyboard */,
				1504F70E27C6095200A5EC6C /* Assets.xcassets */,
				1504F71027C6095200A5EC6C /* LaunchScreen.storyboard */,
				1504F71327C6095200A5EC6C /* Info.plist */,
			);
			path = PageMenuPractice;
			sourceTree = "<group>";
		};
		B6A80FECE8F85749EC40D90B /* Frameworks */ = {
			isa = PBXGroup;
			children = (
				B7F6981F73452ED46AAE2662 /* Pods_PageMenuPractice.framework */,
			);
			name = Frameworks;
			sourceTree = "<group>";
		};
		C5DB85EFE1B3C2A24041A442 /* Pods */ = {
			isa = PBXGroup;
			children = (
				1B23CD6BA1C01E27238DA113 /* Pods-PageMenuPractice.debug.xcconfig */,
				62CEB067C2AB5E93DD367A4B /* Pods-PageMenuPractice.release.xcconfig */,
			);
			name = Pods;
			path = Pods;
			sourceTree = "<group>";
		};
/* End PBXGroup section */

/* Begin PBXNativeTarget section */
		1504F70127C6095000A5EC6C /* PageMenuPractice */ = {
			isa = PBXNativeTarget;
			buildConfigurationList = 1504F71627C6095200A5EC6C /* Build configuration list for PBXNativeTarget "PageMenuPractice" */;
			buildPhases = (
				5109E9FFF7624F49C5A6AC76 /* [CP] Check Pods Manifest.lock */,
				1504F6FE27C6095000A5EC6C /* Sources */,
				1504F6FF27C6095000A5EC6C /* Frameworks */,
				1504F70027C6095000A5EC6C /* Resources */,
				4ED522D116618CD7DCAED8FA /* [CP] Embed Pods Frameworks */,
			);
			buildRules = (
			);
			dependencies = (
			);
			name = PageMenuPractice;
			productName = PageMenuPractice;
			productReference = 1504F70227C6095000A5EC6C /* PageMenuPractice.app */;
			productType = "com.apple.product-type.application";
		};
/* End PBXNativeTarget section */

/* Begin PBXProject section */
		1504F6FA27C6095000A5EC6C /* Project object */ = {
			isa = PBXProject;
			attributes = {
				BuildIndependentTargetsInParallel = 1;
				LastSwiftUpdateCheck = 1320;
				LastUpgradeCheck = 1320;
				TargetAttributes = {
					1504F70127C6095000A5EC6C = {
						CreatedOnToolsVersion = 13.2.1;
					};
				};
			};
			buildConfigurationList = 1504F6FD27C6095000A5EC6C /* Build configuration list for PBXProject "PageMenuPractice" */;
			compatibilityVersion = "Xcode 13.0";
			developmentRegion = en;
			hasScannedForEncodings = 0;
			knownRegions = (
				en,
				Base,
			);
			mainGroup = 1504F6F927C6095000A5EC6C;
			productRefGroup = 1504F70327C6095000A5EC6C /* Products */;
			projectDirPath = "";
			projectRoot = "";
			targets = (
				1504F70127C6095000A5EC6C /* PageMenuPractice */,
			);
		};
/* End PBXProject section */

/* Begin PBXResourcesBuildPhase section */
		1504F70027C6095000A5EC6C /* Resources */ = {
			isa = PBXResourcesBuildPhase;
			buildActionMask = 2147483647;
			files = (
				1504F71227C6095200A5EC6C /* LaunchScreen.storyboard in Resources */,
				1504F70F27C6095200A5EC6C /* Assets.xcassets in Resources */,
				1504F70D27C6095000A5EC6C /* Main.storyboard in Resources */,
			);
			runOnlyForDeploymentPostprocessing = 0;
		};
/* End PBXResourcesBuildPhase section */

/* Begin PBXShellScriptBuildPhase section */
		4ED522D116618CD7DCAED8FA /* [CP] Embed Pods Frameworks */ = {
			isa = PBXShellScriptBuildPhase;
			buildActionMask = 2147483647;
			files = (
			);
			inputFileListPaths = (
				"${PODS_ROOT}/Target Support Files/Pods-PageMenuPractice/Pods-PageMenuPractice-frameworks-${CONFIGURATION}-input-files.xcfilelist",
			);
			name = "[CP] Embed Pods Frameworks";
			outputFileListPaths = (
				"${PODS_ROOT}/Target Support Files/Pods-PageMenuPractice/Pods-PageMenuPractice-frameworks-${CONFIGURATION}-output-files.xcfilelist",
			);
			runOnlyForDeploymentPostprocessing = 0;
			shellPath = /bin/sh;
			shellScript = "\"${PODS_ROOT}/Target Support Files/Pods-PageMenuPractice/Pods-PageMenuPractice-frameworks.sh\"\n";
			showEnvVarsInLog = 0;
		};
		5109E9FFF7624F49C5A6AC76 /* [CP] Check Pods Manifest.lock */ = {
			isa = PBXShellScriptBuildPhase;
			buildActionMask = 2147483647;
			files = (
			);
			inputFileListPaths = (
			);
			inputPaths = (
				"${PODS_PODFILE_DIR_PATH}/Podfile.lock",
				"${PODS_ROOT}/Manifest.lock",
			);
			name = "[CP] Check Pods Manifest.lock";
			outputFileListPaths = (
			);
			outputPaths = (
				"$(DERIVED_FILE_DIR)/Pods-PageMenuPractice-checkManifestLockResult.txt",
			);
			runOnlyForDeploymentPostprocessing = 0;
			shellPath = /bin/sh;
			shellScript = "diff \"${PODS_PODFILE_DIR_PATH}/Podfile.lock\" \"${PODS_ROOT}/Manifest.lock\" > /dev/null\nif [ $? != 0 ] ; then\n    # print error to STDERR\n    echo \"error: The sandbox is not in sync with the Podfile.lock. Run 'pod install' or update your CocoaPods installation.\" >&2\n    exit 1\nfi\n# This output is used by Xcode 'outputs' to avoid re-running this script phase.\necho \"SUCCESS\" > \"${SCRIPT_OUTPUT_FILE_0}\"\n";
			showEnvVarsInLog = 0;
		};
/* End PBXShellScriptBuildPhase section */

/* Begin PBXSourcesBuildPhase section */
		1504F6FE27C6095000A5EC6C /* Sources */ = {
			isa = PBXSourcesBuildPhase;
			buildActionMask = 2147483647;
			files = (
				1504F70A27C6095000A5EC6C /* ViewController.swift in Sources */,
				1504F70627C6095000A5EC6C /* AppDelegate.swift in Sources */,
				1504F70827C6095000A5EC6C /* SceneDelegate.swift in Sources */,
			);
			runOnlyForDeploymentPostprocessing = 0;
		};
/* End PBXSourcesBuildPhase section */

/* Begin PBXVariantGroup section */
		1504F70B27C6095000A5EC6C /* Main.storyboard */ = {
			isa = PBXVariantGroup;
			children = (
				1504F70C27C6095000A5EC6C /* Base */,
			);
			name = Main.storyboard;
			sourceTree = "<group>";
		};
		1504F71027C6095200A5EC6C /* LaunchScreen.storyboard */ = {
			isa = PBXVariantGroup;
			children = (
				1504F71127C6095200A5EC6C /* Base */,
			);
			name = LaunchScreen.storyboard;
			sourceTree = "<group>";
		};
/* End PBXVariantGroup section */

/* Begin XCBuildConfiguration section */
		1504F71427C6095200A5EC6C /* Debug */ = {
			isa = XCBuildConfiguration;
			buildSettings = {
				ALWAYS_SEARCH_USER_PATHS = NO;
				CLANG_ANALYZER_NONNULL = YES;
				CLANG_ANALYZER_NUMBER_OBJECT_CONVERSION = YES_AGGRESSIVE;
				CLANG_CXX_LANGUAGE_STANDARD = "gnu++17";
				CLANG_CXX_LIBRARY = "libc++";
				CLANG_ENABLE_MODULES = YES;
				CLANG_ENABLE_OBJC_ARC = YES;
				CLANG_ENABLE_OBJC_WEAK = YES;
				CLANG_WARN_BLOCK_CAPTURE_AUTORELEASING = YES;
				CLANG_WARN_BOOL_CONVERSION = YES;
				CLANG_WARN_COMMA = YES;
				CLANG_WARN_CONSTANT_CONVERSION = YES;
				CLANG_WARN_DEPRECATED_OBJC_IMPLEMENTATIONS = YES;
				CLANG_WARN_DIRECT_OBJC_ISA_USAGE = YES_ERROR;
				CLANG_WARN_DOCUMENTATION_COMMENTS = YES;
				CLANG_WARN_EMPTY_BODY = YES;
				CLANG_WARN_ENUM_CONVERSION = YES;
				CLANG_WARN_INFINITE_RECURSION = YES;
				CLANG_WARN_INT_CONVERSION = YES;
				CLANG_WARN_NON_LITERAL_NULL_CONVERSION = YES;
				CLANG_WARN_OBJC_IMPLICIT_RETAIN_SELF = YES;
				CLANG_WARN_OBJC_LITERAL_CONVERSION = YES;
				CLANG_WARN_OBJC_ROOT_CLASS = YES_ERROR;
				CLANG_WARN_QUOTED_INCLUDE_IN_FRAMEWORK_HEADER = YES;
				CLANG_WARN_RANGE_LOOP_ANALYSIS = YES;
				CLANG_WARN_STRICT_PROTOTYPES = YES;
				CLANG_WARN_SUSPICIOUS_MOVE = YES;
				CLANG_WARN_UNGUARDED_AVAILABILITY = YES_AGGRESSIVE;
				CLANG_WARN_UNREACHABLE_CODE = YES;
				CLANG_WARN__DUPLICATE_METHOD_MATCH = YES;
				COPY_PHASE_STRIP = NO;
				DEBUG_INFORMATION_FORMAT = dwarf;
				ENABLE_STRICT_OBJC_MSGSEND = YES;
				ENABLE_TESTABILITY = YES;
				GCC_C_LANGUAGE_STANDARD = gnu11;
				GCC_DYNAMIC_NO_PIC = NO;
				GCC_NO_COMMON_BLOCKS = YES;
				GCC_OPTIMIZATION_LEVEL = 0;
				GCC_PREPROCESSOR_DEFINITIONS = (
					"DEBUG=1",
					"$(inherited)",
				);
				GCC_WARN_64_TO_32_BIT_CONVERSION = YES;
				GCC_WARN_ABOUT_RETURN_TYPE = YES_ERROR;
				GCC_WARN_UNDECLARED_SELECTOR = YES;
				GCC_WARN_UNINITIALIZED_AUTOS = YES_AGGRESSIVE;
				GCC_WARN_UNUSED_FUNCTION = YES;
				GCC_WARN_UNUSED_VARIABLE = YES;
				IPHONEOS_DEPLOYMENT_TARGET = 15.2;
				MTL_ENABLE_DEBUG_INFO = INCLUDE_SOURCE;
				MTL_FAST_MATH = YES;
				ONLY_ACTIVE_ARCH = YES;
				SDKROOT = iphoneos;
				SWIFT_ACTIVE_COMPILATION_CONDITIONS = DEBUG;
				SWIFT_OPTIMIZATION_LEVEL = "-Onone";
			};
			name = Debug;
		};
		1504F71527C6095200A5EC6C /* Release */ = {
			isa = XCBuildConfiguration;
			buildSettings = {
				ALWAYS_SEARCH_USER_PATHS = NO;
				CLANG_ANALYZER_NONNULL = YES;
				CLANG_ANALYZER_NUMBER_OBJECT_CONVERSION = YES_AGGRESSIVE;
				CLANG_CXX_LANGUAGE_STANDARD = "gnu++17";
				CLANG_CXX_LIBRARY = "libc++";
				CLANG_ENABLE_MODULES = YES;
				CLANG_ENABLE_OBJC_ARC = YES;
				CLANG_ENABLE_OBJC_WEAK = YES;
				CLANG_WARN_BLOCK_CAPTURE_AUTORELEASING = YES;
				CLANG_WARN_BOOL_CONVERSION = YES;
				CLANG_WARN_COMMA = YES;
				CLANG_WARN_CONSTANT_CONVERSION = YES;
				CLANG_WARN_DEPRECATED_OBJC_IMPLEMENTATIONS = YES;
				CLANG_WARN_DIRECT_OBJC_ISA_USAGE = YES_ERROR;
				CLANG_WARN_DOCUMENTATION_COMMENTS = YES;
				CLANG_WARN_EMPTY_BODY = YES;
				CLANG_WARN_ENUM_CONVERSION = YES;
				CLANG_WARN_INFINITE_RECURSION = YES;
				CLANG_WARN_INT_CONVERSION = YES;
				CLANG_WARN_NON_LITERAL_NULL_CONVERSION = YES;
				CLANG_WARN_OBJC_IMPLICIT_RETAIN_SELF = YES;
				CLANG_WARN_OBJC_LITERAL_CONVERSION = YES;
				CLANG_WARN_OBJC_ROOT_CLASS = YES_ERROR;
				CLANG_WARN_QUOTED_INCLUDE_IN_FRAMEWORK_HEADER = YES;
				CLANG_WARN_RANGE_LOOP_ANALYSIS = YES;
				CLANG_WARN_STRICT_PROTOTYPES = YES;
				CLANG_WARN_SUSPICIOUS_MOVE = YES;
				CLANG_WARN_UNGUARDED_AVAILABILITY = YES_AGGRESSIVE;
				CLANG_WARN_UNREACHABLE_CODE = YES;
				CLANG_WARN__DUPLICATE_METHOD_MATCH = YES;
				COPY_PHASE_STRIP = NO;
				DEBUG_INFORMATION_FORMAT = "dwarf-with-dsym";
				ENABLE_NS_ASSERTIONS = NO;
				ENABLE_STRICT_OBJC_MSGSEND = YES;
				GCC_C_LANGUAGE_STANDARD = gnu11;
				GCC_NO_COMMON_BLOCKS = YES;
				GCC_WARN_64_TO_32_BIT_CONVERSION = YES;
				GCC_WARN_ABOUT_RETURN_TYPE = YES_ERROR;
				GCC_WARN_UNDECLARED_SELECTOR = YES;
				GCC_WARN_UNINITIALIZED_AUTOS = YES_AGGRESSIVE;
				GCC_WARN_UNUSED_FUNCTION = YES;
				GCC_WARN_UNUSED_VARIABLE = YES;
				IPHONEOS_DEPLOYMENT_TARGET = 15.2;
				MTL_ENABLE_DEBUG_INFO = NO;
				MTL_FAST_MATH = YES;
				SDKROOT = iphoneos;
				SWIFT_COMPILATION_MODE = wholemodule;
				SWIFT_OPTIMIZATION_LEVEL = "-O";
				VALIDATE_PRODUCT = YES;
			};
			name = Release;
		};
		1504F71727C6095200A5EC6C /* Debug */ = {
			isa = XCBuildConfiguration;
			baseConfigurationReference = 1B23CD6BA1C01E27238DA113 /* Pods-PageMenuPractice.debug.xcconfig */;
			buildSettings = {
				ASSETCATALOG_COMPILER_APPICON_NAME = AppIcon;
				ASSETCATALOG_COMPILER_GLOBAL_ACCENT_COLOR_NAME = AccentColor;
				CODE_SIGN_STYLE = Automatic;
				CURRENT_PROJECT_VERSION = 1;
				GENERATE_INFOPLIST_FILE = YES;
				INFOPLIST_FILE = PageMenuPractice/Info.plist;
				INFOPLIST_KEY_UIApplicationSupportsIndirectInputEvents = YES;
				INFOPLIST_KEY_UILaunchStoryboardName = LaunchScreen;
				INFOPLIST_KEY_UIMainStoryboardFile = Main;
				INFOPLIST_KEY_UISupportedInterfaceOrientations_iPad = "UIInterfaceOrientationPortrait UIInterfaceOrientationPortraitUpsideDown UIInterfaceOrientationLandscapeLeft UIInterfaceOrientationLandscapeRight";
				INFOPLIST_KEY_UISupportedInterfaceOrientations_iPhone = "UIInterfaceOrientationPortrait UIInterfaceOrientationLandscapeLeft UIInterfaceOrientationLandscapeRight";
				LD_RUNPATH_SEARCH_PATHS = (
					"$(inherited)",
					"@executable_path/Frameworks",
				);
				MARKETING_VERSION = 1.0;
				PRODUCT_BUNDLE_IDENTIFIER = beansBin.PageMenuPractice;
				PRODUCT_NAME = "$(TARGET_NAME)";
				SWIFT_EMIT_LOC_STRINGS = YES;
				SWIFT_VERSION = 5.0;
				TARGETED_DEVICE_FAMILY = "1,2";
			};
			name = Debug;
		};
		1504F71827C6095200A5EC6C /* Release */ = {
			isa = XCBuildConfiguration;
			baseConfigurationReference = 62CEB067C2AB5E93DD367A4B /* Pods-PageMenuPractice.release.xcconfig */;
			buildSettings = {
				ASSETCATALOG_COMPILER_APPICON_NAME = AppIcon;
				ASSETCATALOG_COMPILER_GLOBAL_ACCENT_COLOR_NAME = AccentColor;
				CODE_SIGN_STYLE = Automatic;
				CURRENT_PROJECT_VERSION = 1;
				GENERATE_INFOPLIST_FILE = YES;
				INFOPLIST_FILE = PageMenuPractice/Info.plist;
				INFOPLIST_KEY_UIApplicationSupportsIndirectInputEvents = YES;
				INFOPLIST_KEY_UILaunchStoryboardName = LaunchScreen;
				INFOPLIST_KEY_UIMainStoryboardFile = Main;
				INFOPLIST_KEY_UISupportedInterfaceOrientations_iPad = "UIInterfaceOrientationPortrait UIInterfaceOrientationPortraitUpsideDown UIInterfaceOrientationLandscapeLeft UIInterfaceOrientationLandscapeRight";
				INFOPLIST_KEY_UISupportedInterfaceOrientations_iPhone = "UIInterfaceOrientationPortrait UIInterfaceOrientationLandscapeLeft UIInterfaceOrientationLandscapeRight";
				LD_RUNPATH_SEARCH_PATHS = (
					"$(inherited)",
					"@executable_path/Frameworks",
				);
				MARKETING_VERSION = 1.0;
				PRODUCT_BUNDLE_IDENTIFIER = beansBin.PageMenuPractice;
				PRODUCT_NAME = "$(TARGET_NAME)";
				SWIFT_EMIT_LOC_STRINGS = YES;
				SWIFT_VERSION = 5.0;
				TARGETED_DEVICE_FAMILY = "1,2";
			};
			name = Release;
		};
/* End XCBuildConfiguration section */

/* Begin XCConfigurationList section */
		1504F6FD27C6095000A5EC6C /* Build configuration list for PBXProject "PageMenuPractice" */ = {
			isa = XCConfigurationList;
			buildConfigurations = (
				1504F71427C6095200A5EC6C /* Debug */,
				1504F71527C6095200A5EC6C /* Release */,
			);
			defaultConfigurationIsVisible = 0;
			defaultConfigurationName = Release;
		};
		1504F71627C6095200A5EC6C /* Build configuration list for PBXNativeTarget "PageMenuPractice" */ = {
			isa = XCConfigurationList;
			buildConfigurations = (
				1504F71727C6095200A5EC6C /* Debug */,
				1504F71827C6095200A5EC6C /* Release */,
			);
			defaultConfigurationIsVisible = 0;
			defaultConfigurationName = Release;
		};
/* End XCConfigurationList section */
	};
	rootObject = 1504F6FA27C6095000A5EC6C /* Project object */;
}
