// !$*UTF8*$!
{
	archiveVersion = 1;
	classes = {
	};
	objectVersion = 55;
	objects = {

/* Begin PBXBuildFile section */
		15D49CF327901E260030DBE5 /* AppDelegate.swift in Sources */ = {isa = PBXBuildFile; fileRef = 15D49CF227901E260030DBE5 /* AppDelegate.swift */; };
		15D49CF527901E260030DBE5 /* SceneDelegate.swift in Sources */ = {isa = PBXBuildFile; fileRef = 15D49CF427901E260030DBE5 /* SceneDelegate.swift */; };
		15D49CF727901E260030DBE5 /* ViewController.swift in Sources */ = {isa = PBXBuildFile; fileRef = 15D49CF627901E260030DBE5 /* ViewController.swift */; };
		15D49CFA27901E260030DBE5 /* Main.storyboard in Resources */ = {isa = PBXBuildFile; fileRef = 15D49CF827901E260030DBE5 /* Main.storyboard */; };
		15D49CFC27901E280030DBE5 /* Assets.xcassets in Resources */ = {isa = PBXBuildFile; fileRef = 15D49CFB27901E280030DBE5 /* Assets.xcassets */; };
		15D49CFF27901E280030DBE5 /* LaunchScreen.storyboard in Resources */ = {isa = PBXBuildFile; fileRef = 15D49CFD27901E280030DBE5 /* LaunchScreen.storyboard */; };
		15D49D07279024F20030DBE5 /* SecondViewController.swift in Sources */ = {isa = PBXBuildFile; fileRef = 15D49D06279024F20030DBE5 /* SecondViewController.swift */; };
		91D19A691D5C388EED310F9C /* Pods_DropDownPractice.framework in Frameworks */ = {isa = PBXBuildFile; fileRef = CC380A82CD597060F474718C /* Pods_DropDownPractice.framework */; };
/* End PBXBuildFile section */

/* Begin PBXFileReference section */
		15D49CEF27901E260030DBE5 /* DropDownPractice.app */ = {isa = PBXFileReference; explicitFileType = wrapper.application; includeInIndex = 0; path = DropDownPractice.app; sourceTree = BUILT_PRODUCTS_DIR; };
		15D49CF227901E260030DBE5 /* AppDelegate.swift */ = {isa = PBXFileReference; lastKnownFileType = sourcecode.swift; path = AppDelegate.swift; sourceTree = "<group>"; };
		15D49CF427901E260030DBE5 /* SceneDelegate.swift */ = {isa = PBXFileReference; lastKnownFileType = sourcecode.swift; path = SceneDelegate.swift; sourceTree = "<group>"; };
		15D49CF627901E260030DBE5 /* ViewController.swift */ = {isa = PBXFileReference; lastKnownFileType = sourcecode.swift; path = ViewController.swift; sourceTree = "<group>"; };
		15D49CF927901E260030DBE5 /* Base */ = {isa = PBXFileReference; lastKnownFileType = file.storyboard; name = Base; path = Base.lproj/Main.storyboard; sourceTree = "<group>"; };
		15D49CFB27901E280030DBE5 /* Assets.xcassets */ = {isa = PBXFileReference; lastKnownFileType = folder.assetcatalog; path = Assets.xcassets; sourceTree = "<group>"; };
		15D49CFE27901E280030DBE5 /* Base */ = {isa = PBXFileReference; lastKnownFileType = file.storyboard; name = Base; path = Base.lproj/LaunchScreen.storyboard; sourceTree = "<group>"; };
		15D49D0027901E280030DBE5 /* Info.plist */ = {isa = PBXFileReference; lastKnownFileType = text.plist.xml; path = Info.plist; sourceTree = "<group>"; };
		15D49D06279024F20030DBE5 /* SecondViewController.swift */ = {isa = PBXFileReference; lastKnownFileType = sourcecode.swift; path = SecondViewController.swift; sourceTree = "<group>"; };
		21D5FC8BC950D39F49D3615F /* Pods-DropDownPractice.debug.xcconfig */ = {isa = PBXFileReference; includeInIndex = 1; lastKnownFileType = text.xcconfig; name = "Pods-DropDownPractice.debug.xcconfig"; path = "Target Support Files/Pods-DropDownPractice/Pods-DropDownPractice.debug.xcconfig"; sourceTree = "<group>"; };
		786A5BDDFC200731F4291B3F /* Pods-DropDownPractice.release.xcconfig */ = {isa = PBXFileReference; includeInIndex = 1; lastKnownFileType = text.xcconfig; name = "Pods-DropDownPractice.release.xcconfig"; path = "Target Support Files/Pods-DropDownPractice/Pods-DropDownPractice.release.xcconfig"; sourceTree = "<group>"; };
		CC380A82CD597060F474718C /* Pods_DropDownPractice.framework */ = {isa = PBXFileReference; explicitFileType = wrapper.framework; includeInIndex = 0; path = Pods_DropDownPractice.framework; sourceTree = BUILT_PRODUCTS_DIR; };
/* End PBXFileReference section */

/* Begin PBXFrameworksBuildPhase section */
		15D49CEC27901E260030DBE5 /* Frameworks */ = {
			isa = PBXFrameworksBuildPhase;
			buildActionMask = 2147483647;
			files = (
				91D19A691D5C388EED310F9C /* Pods_DropDownPractice.framework in Frameworks */,
			);
			runOnlyForDeploymentPostprocessing = 0;
		};
/* End PBXFrameworksBuildPhase section */

/* Begin PBXGroup section */
		15D49CE627901E260030DBE5 = {
			isa = PBXGroup;
			children = (
				15D49CF127901E260030DBE5 /* DropDownPractice */,
				15D49CF027901E260030DBE5 /* Products */,
				49F75B1685D7DEFF4EEB2C76 /* Pods */,
				E6D0952ABEFD56ABE5A1BEA2 /* Frameworks */,
			);
			sourceTree = "<group>";
		};
		15D49CF027901E260030DBE5 /* Products */ = {
			isa = PBXGroup;
			children = (
				15D49CEF27901E260030DBE5 /* DropDownPractice.app */,
			);
			name = Products;
			sourceTree = "<group>";
		};
		15D49CF127901E260030DBE5 /* DropDownPractice */ = {
			isa = PBXGroup;
			children = (
				15D49CF227901E260030DBE5 /* AppDelegate.swift */,
				15D49CF427901E260030DBE5 /* SceneDelegate.swift */,
				15D49CF627901E260030DBE5 /* ViewController.swift */,
				15D49CF827901E260030DBE5 /* Main.storyboard */,
				15D49CFB27901E280030DBE5 /* Assets.xcassets */,
				15D49CFD27901E280030DBE5 /* LaunchScreen.storyboard */,
				15D49D0027901E280030DBE5 /* Info.plist */,
				15D49D06279024F20030DBE5 /* SecondViewController.swift */,
			);
			path = DropDownPractice;
			sourceTree = "<group>";
		};
		49F75B1685D7DEFF4EEB2C76 /* Pods */ = {
			isa = PBXGroup;
			children = (
				21D5FC8BC950D39F49D3615F /* Pods-DropDownPractice.debug.xcconfig */,
				786A5BDDFC200731F4291B3F /* Pods-DropDownPractice.release.xcconfig */,
			);
			name = Pods;
			path = Pods;
			sourceTree = "<group>";
		};
		E6D0952ABEFD56ABE5A1BEA2 /* Frameworks */ = {
			isa = PBXGroup;
			children = (
				CC380A82CD597060F474718C /* Pods_DropDownPractice.framework */,
			);
			name = Frameworks;
			sourceTree = "<group>";
		};
/* End PBXGroup section */

/* Begin PBXNativeTarget section */
		15D49CEE27901E260030DBE5 /* DropDownPractice */ = {
			isa = PBXNativeTarget;
			buildConfigurationList = 15D49D0327901E280030DBE5 /* Build configuration list for PBXNativeTarget "DropDownPractice" */;
			buildPhases = (
				69DAC1099683E82515631D5B /* [CP] Check Pods Manifest.lock */,
				15D49CEB27901E260030DBE5 /* Sources */,
				15D49CEC27901E260030DBE5 /* Frameworks */,
				15D49CED27901E260030DBE5 /* Resources */,
				0D6E77C324E4E11DEC560C0F /* [CP] Embed Pods Frameworks */,
			);
			buildRules = (
			);
			dependencies = (
			);
			name = DropDownPractice;
			productName = DropDownPractice;
			productReference = 15D49CEF27901E260030DBE5 /* DropDownPractice.app */;
			productType = "com.apple.product-type.application";
		};
/* End PBXNativeTarget section */

/* Begin PBXProject section */
		15D49CE727901E260030DBE5 /* Project object */ = {
			isa = PBXProject;
			attributes = {
				BuildIndependentTargetsInParallel = 1;
				LastSwiftUpdateCheck = 1300;
				LastUpgradeCheck = 1300;
				TargetAttributes = {
					15D49CEE27901E260030DBE5 = {
						CreatedOnToolsVersion = 13.0;
					};
				};
			};
			buildConfigurationList = 15D49CEA27901E260030DBE5 /* Build configuration list for PBXProject "DropDownPractice" */;
			compatibilityVersion = "Xcode 13.0";
			developmentRegion = en;
			hasScannedForEncodings = 0;
			knownRegions = (
				en,
				Base,
			);
			mainGroup = 15D49CE627901E260030DBE5;
			productRefGroup = 15D49CF027901E260030DBE5 /* Products */;
			projectDirPath = "";
			projectRoot = "";
			targets = (
				15D49CEE27901E260030DBE5 /* DropDownPractice */,
			);
		};
/* End PBXProject section */

/* Begin PBXResourcesBuildPhase section */
		15D49CED27901E260030DBE5 /* Resources */ = {
			isa = PBXResourcesBuildPhase;
			buildActionMask = 2147483647;
			files = (
				15D49CFF27901E280030DBE5 /* LaunchScreen.storyboard in Resources */,
				15D49CFC27901E280030DBE5 /* Assets.xcassets in Resources */,
				15D49CFA27901E260030DBE5 /* Main.storyboard in Resources */,
			);
			runOnlyForDeploymentPostprocessing = 0;
		};
/* End PBXResourcesBuildPhase section */

/* Begin PBXShellScriptBuildPhase section */
		0D6E77C324E4E11DEC560C0F /* [CP] Embed Pods Frameworks */ = {
			isa = PBXShellScriptBuildPhase;
			buildActionMask = 2147483647;
			files = (
			);
			inputFileListPaths = (
				"${PODS_ROOT}/Target Support Files/Pods-DropDownPractice/Pods-DropDownPractice-frameworks-${CONFIGURATION}-input-files.xcfilelist",
			);
			name = "[CP] Embed Pods Frameworks";
			outputFileListPaths = (
				"${PODS_ROOT}/Target Support Files/Pods-DropDownPractice/Pods-DropDownPractice-frameworks-${CONFIGURATION}-output-files.xcfilelist",
			);
			runOnlyForDeploymentPostprocessing = 0;
			shellPath = /bin/sh;
			shellScript = "\"${PODS_ROOT}/Target Support Files/Pods-DropDownPractice/Pods-DropDownPractice-frameworks.sh\"\n";
			showEnvVarsInLog = 0;
		};
		69DAC1099683E82515631D5B /* [CP] Check Pods Manifest.lock */ = {
			isa = PBXShellScriptBuildPhase;
			buildActionMask = 2147483647;
			files = (
			);
			inputFileListPaths = (
			);
			inputPaths = (
				"${PODS_PODFILE_DIR_PATH}/Podfile.lock",
				"${PODS_ROOT}/Manifest.lock",
			);
			name = "[CP] Check Pods Manifest.lock";
			outputFileListPaths = (
			);
			outputPaths = (
				"$(DERIVED_FILE_DIR)/Pods-DropDownPractice-checkManifestLockResult.txt",
			);
			runOnlyForDeploymentPostprocessing = 0;
			shellPath = /bin/sh;
			shellScript = "diff \"${PODS_PODFILE_DIR_PATH}/Podfile.lock\" \"${PODS_ROOT}/Manifest.lock\" > /dev/null\nif [ $? != 0 ] ; then\n    # print error to STDERR\n    echo \"error: The sandbox is not in sync with the Podfile.lock. Run 'pod install' or update your CocoaPods installation.\" >&2\n    exit 1\nfi\n# This output is used by Xcode 'outputs' to avoid re-running this script phase.\necho \"SUCCESS\" > \"${SCRIPT_OUTPUT_FILE_0}\"\n";
			showEnvVarsInLog = 0;
		};
/* End PBXShellScriptBuildPhase section */

/* Begin PBXSourcesBuildPhase section */
		15D49CEB27901E260030DBE5 /* Sources */ = {
			isa = PBXSourcesBuildPhase;
			buildActionMask = 2147483647;
			files = (
				15D49D07279024F20030DBE5 /* SecondViewController.swift in Sources */,
				15D49CF727901E260030DBE5 /* ViewController.swift in Sources */,
				15D49CF327901E260030DBE5 /* AppDelegate.swift in Sources */,
				15D49CF527901E260030DBE5 /* SceneDelegate.swift in Sources */,
			);
			runOnlyForDeploymentPostprocessing = 0;
		};
/* End PBXSourcesBuildPhase section */

/* Begin PBXVariantGroup section */
		15D49CF827901E260030DBE5 /* Main.storyboard */ = {
			isa = PBXVariantGroup;
			children = (
				15D49CF927901E260030DBE5 /* Base */,
			);
			name = Main.storyboard;
			sourceTree = "<group>";
		};
		15D49CFD27901E280030DBE5 /* LaunchScreen.storyboard */ = {
			isa = PBXVariantGroup;
			children = (
				15D49CFE27901E280030DBE5 /* Base */,
			);
			name = LaunchScreen.storyboard;
			sourceTree = "<group>";
		};
/* End PBXVariantGroup section */

/* Begin XCBuildConfiguration section */
		15D49D0127901E280030DBE5 /* Debug */ = {
			isa = XCBuildConfiguration;
			buildSettings = {
				ALWAYS_SEARCH_USER_PATHS = NO;
				CLANG_ANALYZER_NONNULL = YES;
				CLANG_ANALYZER_NUMBER_OBJECT_CONVERSION = YES_AGGRESSIVE;
				CLANG_CXX_LANGUAGE_STANDARD = "gnu++17";
				CLANG_CXX_LIBRARY = "libc++";
				CLANG_ENABLE_MODULES = YES;
				CLANG_ENABLE_OBJC_ARC = YES;
				CLANG_ENABLE_OBJC_WEAK = YES;
				CLANG_WARN_BLOCK_CAPTURE_AUTORELEASING = YES;
				CLANG_WARN_BOOL_CONVERSION = YES;
				CLANG_WARN_COMMA = YES;
				CLANG_WARN_CONSTANT_CONVERSION = YES;
				CLANG_WARN_DEPRECATED_OBJC_IMPLEMENTATIONS = YES;
				CLANG_WARN_DIRECT_OBJC_ISA_USAGE = YES_ERROR;
				CLANG_WARN_DOCUMENTATION_COMMENTS = YES;
				CLANG_WARN_EMPTY_BODY = YES;
				CLANG_WARN_ENUM_CONVERSION = YES;
				CLANG_WARN_INFINITE_RECURSION = YES;
				CLANG_WARN_INT_CONVERSION = YES;
				CLANG_WARN_NON_LITERAL_NULL_CONVERSION = YES;
				CLANG_WARN_OBJC_IMPLICIT_RETAIN_SELF = YES;
				CLANG_WARN_OBJC_LITERAL_CONVERSION = YES;
				CLANG_WARN_OBJC_ROOT_CLASS = YES_ERROR;
				CLANG_WARN_QUOTED_INCLUDE_IN_FRAMEWORK_HEADER = YES;
				CLANG_WARN_RANGE_LOOP_ANALYSIS = YES;
				CLANG_WARN_STRICT_PROTOTYPES = YES;
				CLANG_WARN_SUSPICIOUS_MOVE = YES;
				CLANG_WARN_UNGUARDED_AVAILABILITY = YES_AGGRESSIVE;
				CLANG_WARN_UNREACHABLE_CODE = YES;
				CLANG_WARN__DUPLICATE_METHOD_MATCH = YES;
				COPY_PHASE_STRIP = NO;
				DEBUG_INFORMATION_FORMAT = dwarf;
				ENABLE_STRICT_OBJC_MSGSEND = YES;
				ENABLE_TESTABILITY = YES;
				GCC_C_LANGUAGE_STANDARD = gnu11;
				GCC_DYNAMIC_NO_PIC = NO;
				GCC_NO_COMMON_BLOCKS = YES;
				GCC_OPTIMIZATION_LEVEL = 0;
				GCC_PREPROCESSOR_DEFINITIONS = (
					"DEBUG=1",
					"$(inherited)",
				);
				GCC_WARN_64_TO_32_BIT_CONVERSION = YES;
				GCC_WARN_ABOUT_RETURN_TYPE = YES_ERROR;
				GCC_WARN_UNDECLARED_SELECTOR = YES;
				GCC_WARN_UNINITIALIZED_AUTOS = YES_AGGRESSIVE;
				GCC_WARN_UNUSED_FUNCTION = YES;
				GCC_WARN_UNUSED_VARIABLE = YES;
				IPHONEOS_DEPLOYMENT_TARGET = 15.0;
				MTL_ENABLE_DEBUG_INFO = INCLUDE_SOURCE;
				MTL_FAST_MATH = YES;
				ONLY_ACTIVE_ARCH = YES;
				SDKROOT = iphoneos;
				SWIFT_ACTIVE_COMPILATION_CONDITIONS = DEBUG;
				SWIFT_OPTIMIZATION_LEVEL = "-Onone";
			};
			name = Debug;
		};
		15D49D0227901E280030DBE5 /* Release */ = {
			isa = XCBuildConfiguration;
			buildSettings = {
				ALWAYS_SEARCH_USER_PATHS = NO;
				CLANG_ANALYZER_NONNULL = YES;
				CLANG_ANALYZER_NUMBER_OBJECT_CONVERSION = YES_AGGRESSIVE;
				CLANG_CXX_LANGUAGE_STANDARD = "gnu++17";
				CLANG_CXX_LIBRARY = "libc++";
				CLANG_ENABLE_MODULES = YES;
				CLANG_ENABLE_OBJC_ARC = YES;
				CLANG_ENABLE_OBJC_WEAK = YES;
				CLANG_WARN_BLOCK_CAPTURE_AUTORELEASING = YES;
				CLANG_WARN_BOOL_CONVERSION = YES;
				CLANG_WARN_COMMA = YES;
				CLANG_WARN_CONSTANT_CONVERSION = YES;
				CLANG_WARN_DEPRECATED_OBJC_IMPLEMENTATIONS = YES;
				CLANG_WARN_DIRECT_OBJC_ISA_USAGE = YES_ERROR;
				CLANG_WARN_DOCUMENTATION_COMMENTS = YES;
				CLANG_WARN_EMPTY_BODY = YES;
				CLANG_WARN_ENUM_CONVERSION = YES;
				CLANG_WARN_INFINITE_RECURSION = YES;
				CLANG_WARN_INT_CONVERSION = YES;
				CLANG_WARN_NON_LITERAL_NULL_CONVERSION = YES;
				CLANG_WARN_OBJC_IMPLICIT_RETAIN_SELF = YES;
				CLANG_WARN_OBJC_LITERAL_CONVERSION = YES;
				CLANG_WARN_OBJC_ROOT_CLASS = YES_ERROR;
				CLANG_WARN_QUOTED_INCLUDE_IN_FRAMEWORK_HEADER = YES;
				CLANG_WARN_RANGE_LOOP_ANALYSIS = YES;
				CLANG_WARN_STRICT_PROTOTYPES = YES;
				CLANG_WARN_SUSPICIOUS_MOVE = YES;
				CLANG_WARN_UNGUARDED_AVAILABILITY = YES_AGGRESSIVE;
				CLANG_WARN_UNREACHABLE_CODE = YES;
				CLANG_WARN__DUPLICATE_METHOD_MATCH = YES;
				COPY_PHASE_STRIP = NO;
				DEBUG_INFORMATION_FORMAT = "dwarf-with-dsym";
				ENABLE_NS_ASSERTIONS = NO;
				ENABLE_STRICT_OBJC_MSGSEND = YES;
				GCC_C_LANGUAGE_STANDARD = gnu11;
				GCC_NO_COMMON_BLOCKS = YES;
				GCC_WARN_64_TO_32_BIT_CONVERSION = YES;
				GCC_WARN_ABOUT_RETURN_TYPE = YES_ERROR;
				GCC_WARN_UNDECLARED_SELECTOR = YES;
				GCC_WARN_UNINITIALIZED_AUTOS = YES_AGGRESSIVE;
				GCC_WARN_UNUSED_FUNCTION = YES;
				GCC_WARN_UNUSED_VARIABLE = YES;
				IPHONEOS_DEPLOYMENT_TARGET = 15.0;
				MTL_ENABLE_DEBUG_INFO = NO;
				MTL_FAST_MATH = YES;
				SDKROOT = iphoneos;
				SWIFT_COMPILATION_MODE = wholemodule;
				SWIFT_OPTIMIZATION_LEVEL = "-O";
				VALIDATE_PRODUCT = YES;
			};
			name = Release;
		};
		15D49D0427901E280030DBE5 /* Debug */ = {
			isa = XCBuildConfiguration;
			baseConfigurationReference = 21D5FC8BC950D39F49D3615F /* Pods-DropDownPractice.debug.xcconfig */;
			buildSettings = {
				ASSETCATALOG_COMPILER_APPICON_NAME = AppIcon;
				ASSETCATALOG_COMPILER_GLOBAL_ACCENT_COLOR_NAME = AccentColor;
				CODE_SIGN_STYLE = Automatic;
				CURRENT_PROJECT_VERSION = 1;
				DEVELOPMENT_TEAM = T6LRAVDGQW;
				GENERATE_INFOPLIST_FILE = YES;
				INFOPLIST_FILE = DropDownPractice/Info.plist;
				INFOPLIST_KEY_UIApplicationSupportsIndirectInputEvents = YES;
				INFOPLIST_KEY_UILaunchStoryboardName = LaunchScreen;
				INFOPLIST_KEY_UISupportedInterfaceOrientations_iPad = "UIInterfaceOrientationPortrait UIInterfaceOrientationPortraitUpsideDown UIInterfaceOrientationLandscapeLeft UIInterfaceOrientationLandscapeRight";
				INFOPLIST_KEY_UISupportedInterfaceOrientations_iPhone = "UIInterfaceOrientationPortrait UIInterfaceOrientationLandscapeLeft UIInterfaceOrientationLandscapeRight";
				LD_RUNPATH_SEARCH_PATHS = (
					"$(inherited)",
					"@executable_path/Frameworks",
				);
				MARKETING_VERSION = 1.0;
				PRODUCT_BUNDLE_IDENTIFIER = "beans-bin.DropDownPractice";
				PRODUCT_NAME = "$(TARGET_NAME)";
				SWIFT_EMIT_LOC_STRINGS = YES;
				SWIFT_VERSION = 5.0;
				TARGETED_DEVICE_FAMILY = "1,2";
			};
			name = Debug;
		};
		15D49D0527901E280030DBE5 /* Release */ = {
			isa = XCBuildConfiguration;
			baseConfigurationReference = 786A5BDDFC200731F4291B3F /* Pods-DropDownPractice.release.xcconfig */;
			buildSettings = {
				ASSETCATALOG_COMPILER_APPICON_NAME = AppIcon;
				ASSETCATALOG_COMPILER_GLOBAL_ACCENT_COLOR_NAME = AccentColor;
				CODE_SIGN_STYLE = Automatic;
				CURRENT_PROJECT_VERSION = 1;
				DEVELOPMENT_TEAM = T6LRAVDGQW;
				GENERATE_INFOPLIST_FILE = YES;
				INFOPLIST_FILE = DropDownPractice/Info.plist;
				INFOPLIST_KEY_UIApplicationSupportsIndirectInputEvents = YES;
				INFOPLIST_KEY_UILaunchStoryboardName = LaunchScreen;
				INFOPLIST_KEY_UISupportedInterfaceOrientations_iPad = "UIInterfaceOrientationPortrait UIInterfaceOrientationPortraitUpsideDown UIInterfaceOrientationLandscapeLeft UIInterfaceOrientationLandscapeRight";
				INFOPLIST_KEY_UISupportedInterfaceOrientations_iPhone = "UIInterfaceOrientationPortrait UIInterfaceOrientationLandscapeLeft UIInterfaceOrientationLandscapeRight";
				LD_RUNPATH_SEARCH_PATHS = (
					"$(inherited)",
					"@executable_path/Frameworks",
				);
				MARKETING_VERSION = 1.0;
				PRODUCT_BUNDLE_IDENTIFIER = "beans-bin.DropDownPractice";
				PRODUCT_NAME = "$(TARGET_NAME)";
				SWIFT_EMIT_LOC_STRINGS = YES;
				SWIFT_VERSION = 5.0;
				TARGETED_DEVICE_FAMILY = "1,2";
			};
			name = Release;
		};
/* End XCBuildConfiguration section */

/* Begin XCConfigurationList section */
		15D49CEA27901E260030DBE5 /* Build configuration list for PBXProject "DropDownPractice" */ = {
			isa = XCConfigurationList;
			buildConfigurations = (
				15D49D0127901E280030DBE5 /* Debug */,
				15D49D0227901E280030DBE5 /* Release */,
			);
			defaultConfigurationIsVisible = 0;
			defaultConfigurationName = Release;
		};
		15D49D0327901E280030DBE5 /* Build configuration list for PBXNativeTarget "DropDownPractice" */ = {
			isa = XCConfigurationList;
			buildConfigurations = (
				15D49D0427901E280030DBE5 /* Debug */,
				15D49D0527901E280030DBE5 /* Release */,
			);
			defaultConfigurationIsVisible = 0;
			defaultConfigurationName = Release;
		};
/* End XCConfigurationList section */
	};
	rootObject = 15D49CE727901E260030DBE5 /* Project object */;
}
